// !$*UTF8*$!
{
	archiveVersion = 1;
	classes = {
	};
	objectVersion = 77;
	objects = {

/* Begin PBXBuildFile section */
		AA1000102F958000009AD000 /* UIColor+Extensions.swift in Sources */ = {isa = PBXBuildFile; fileRef = AA1000002F958000009AD000 /* UIColor+Extensions.swift */; };
		AA2000102F958000009AD000 /* SplashVC.swift in Sources */ = {isa = PBXBuildFile; fileRef = AA2000002F958000009AD000 /* SplashVC.swift */; };
		AA2000202F958000009AD000 /* SplashView.swift in Sources */ = {isa = PBXBuildFile; fileRef = AA2000012F958000009AD000 /* SplashView.swift */; };
		AA3000102F958000009AD000 /* OnboardingPageModel.swift in Sources */ = {isa = PBXBuildFile; fileRef = AA3000002F958000009AD000 /* OnboardingPageModel.swift */; };
		AA3000202F958000009AD000 /* OnboardingPageVC.swift in Sources */ = {isa = PBXBuildFile; fileRef = AA3000012F958000009AD000 /* OnboardingPageVC.swift */; };
		AA3000302F958000009AD000 /* OnboardingPageView.swift in Sources */ = {isa = PBXBuildFile; fileRef = AA3000022F958000009AD000 /* OnboardingPageView.swift */; };
		AA4000102F958000009AD000 /* OnboardingContainerVC.swift in Sources */ = {isa = PBXBuildFile; fileRef = AA4000002F958000009AD000 /* OnboardingContainerVC.swift */; };
		AA4000202F958000009AD000 /* OnboardingContainerView.swift in Sources */ = {isa = PBXBuildFile; fileRef = AA4000012F958000009AD000 /* OnboardingContainerView.swift */; };
		CC0100102FA00000009AD000 /* QuizQuestion.swift in Sources */ = {isa = PBXBuildFile; fileRef = CC0100002FA00000009AD000 /* QuizQuestion.swift */; };
		CC0100202FA00000009AD000 /* QuizViewModel.swift in Sources */ = {isa = PBXBuildFile; fileRef = CC0100012FA00000009AD000 /* QuizViewModel.swift */; };
		CC0100302FA00000009AD000 /* QuizView.swift in Sources */ = {isa = PBXBuildFile; fileRef = CC0100022FA00000009AD000 /* QuizView.swift */; };
		CC0100402FA00000009AD000 /* QuizResultsView.swift in Sources */ = {isa = PBXBuildFile; fileRef = CC0100032FA00000009AD000 /* QuizResultsView.swift */; };
		CC0100502FA00000009AD000 /* QuizVC.swift in Sources */ = {isa = PBXBuildFile; fileRef = CC0100042FA00000009AD000 /* QuizVC.swift */; };
		CC0100602FA00000009AD000 /* QuizResultsVC.swift in Sources */ = {isa = PBXBuildFile; fileRef = CC0100052FA00000009AD000 /* QuizResultsVC.swift */; };
		ED3397A32F957F2C009AD000 /* AppDelegate.swift in Sources */ = {isa = PBXBuildFile; fileRef = ED3397992F957F2C009AD000 /* AppDelegate.swift */; };
		ED3397A42F957F2C009AD000 /* SceneDelegate.swift in Sources */ = {isa = PBXBuildFile; fileRef = ED3397A02F957F2C009AD000 /* SceneDelegate.swift */; };
		ED3397A52F957F2C009AD000 /* ViewController.swift in Sources */ = {isa = PBXBuildFile; fileRef = ED3397A12F957F2C009AD000 /* ViewController.swift */; };
		ED3397A62F957F2C009AD000 /* Assets.xcassets in Resources */ = {isa = PBXBuildFile; fileRef = ED33979A2F957F2C009AD000 /* Assets.xcassets */; };
		ED3397A82F957F2C009AD000 /* LaunchScreen.storyboard in Resources */ = {isa = PBXBuildFile; fileRef = ED33979D2F957F2C009AD000 /* LaunchScreen.storyboard */; };
		ED3397B32F957FE2009AD000 /* SnapKit in Frameworks */ = {isa = PBXBuildFile; productRef = ED3397B22F957FE2009AD000 /* SnapKit */; };
		ED3397B72F958052009AD000 /* CustomTabBarVC.swift in Sources */ = {isa = PBXBuildFile; fileRef = ED3397B62F958052009AD000 /* CustomTabBarVC.swift */; };
		ED3397B92F958062009AD000 /* CustomTabBarView.swift in Sources */ = {isa = PBXBuildFile; fileRef = ED3397B82F958062009AD000 /* CustomTabBarView.swift */; };
		ED3397C42F958E84009AD000 /* ChallengesVC.swift in Sources */ = {isa = PBXBuildFile; fileRef = ED3397C32F958E80009AD000 /* ChallengesVC.swift */; };
		ED3397C72F958E92009AD000 /* ChallengesView.swift in Sources */ = {isa = PBXBuildFile; fileRef = ED3397C62F958E91009AD000 /* ChallengesView.swift */; };
		ED3397C92F958EB6009AD000 /* ExploreVC.swift in Sources */ = {isa = PBXBuildFile; fileRef = ED3397C82F958EB3009AD000 /* ExploreVC.swift */; };
		ED3397CC2F958ECE009AD000 /* ExploreView.swift in Sources */ = {isa = PBXBuildFile; fileRef = ED3397CB2F958ECE009AD000 /* ExploreView.swift */; };
		ED3397CE2F958EDF009AD000 /* ProfileVC.swift in Sources */ = {isa = PBXBuildFile; fileRef = ED3397CD2F958EDB009AD000 /* ProfileVC.swift */; };
		ED3397D12F958EF7009AD000 /* ProfileView.swift in Sources */ = {isa = PBXBuildFile; fileRef = ED3397D02F958EF6009AD000 /* ProfileView.swift */; };
		ED3397D32F958F17009AD000 /* HomeVC.swift in Sources */ = {isa = PBXBuildFile; fileRef = ED3397D22F958F16009AD000 /* HomeVC.swift */; };
		ED3397D72F958F28009AD000 /* HomeView.swift in Sources */ = {isa = PBXBuildFile; fileRef = ED3397D62F958F28009AD000 /* HomeView.swift */; };
		ED3397D92F959024009AD000 /* UIView.swift in Sources */ = {isa = PBXBuildFile; fileRef = ED3397D82F959023009AD000 /* UIView.swift */; };
		ED3397DC2F961855009AD000 /* SettingsVC.swift in Sources */ = {isa = PBXBuildFile; fileRef = ED3397DB2F961853009AD000 /* SettingsVC.swift */; };
		ED3397DF2F961860009AD000 /* SettingsView.swift in Sources */ = {isa = PBXBuildFile; fileRef = ED3397DE2F96185F009AD000 /* SettingsView.swift */; };
		ED3397E32F966299009AD000 /* RanksView.swift in Sources */ = {isa = PBXBuildFile; fileRef = ED3397E22F966299009AD000 /* RanksView.swift */; };
		ED3397E62F9662A7009AD000 /* RanksVC.swift in Sources */ = {isa = PBXBuildFile; fileRef = ED3397E52F9662A7009AD000 /* RanksVC.swift */; };
		ED3398112F959400009AD000 /* ExploreQuizItem.swift in Sources */ = {isa = PBXBuildFile; fileRef = ED3398012F959400009AD000 /* ExploreQuizItem.swift */; };
		ED3398122F959400009AD000 /* ExploreViewModel.swift in Sources */ = {isa = PBXBuildFile; fileRef = ED3398022F959400009AD000 /* ExploreViewModel.swift */; };
		ED3398132F959400009AD000 /* ExploreQuizCardView.swift in Sources */ = {isa = PBXBuildFile; fileRef = ED3398032F959400009AD000 /* ExploreQuizCardView.swift */; };
/* End PBXBuildFile section */

/* Begin PBXFileReference section */
		AA1000002F958000009AD000 /* UIColor+Extensions.swift */ = {isa = PBXFileReference; lastKnownFileType = sourcecode.swift; path = "UIColor+Extensions.swift"; sourceTree = "<group>"; };
		AA2000002F958000009AD000 /* SplashVC.swift */ = {isa = PBXFileReference; lastKnownFileType = sourcecode.swift; path = SplashVC.swift; sourceTree = "<group>"; };
		AA2000012F958000009AD000 /* SplashView.swift */ = {isa = PBXFileReference; lastKnownFileType = sourcecode.swift; path = SplashView.swift; sourceTree = "<group>"; };
		AA3000002F958000009AD000 /* OnboardingPageModel.swift */ = {isa = PBXFileReference; lastKnownFileType = sourcecode.swift; path = OnboardingPageModel.swift; sourceTree = "<group>"; };
		AA3000012F958000009AD000 /* OnboardingPageVC.swift */ = {isa = PBXFileReference; lastKnownFileType = sourcecode.swift; path = OnboardingPageVC.swift; sourceTree = "<group>"; };
		AA3000022F958000009AD000 /* OnboardingPageView.swift */ = {isa = PBXFileReference; lastKnownFileType = sourcecode.swift; path = OnboardingPageView.swift; sourceTree = "<group>"; };
		AA4000002F958000009AD000 /* OnboardingContainerVC.swift */ = {isa = PBXFileReference; lastKnownFileType = sourcecode.swift; path = OnboardingContainerVC.swift; sourceTree = "<group>"; };
		AA4000012F958000009AD000 /* OnboardingContainerView.swift */ = {isa = PBXFileReference; lastKnownFileType = sourcecode.swift; path = OnboardingContainerView.swift; sourceTree = "<group>"; };
		CC0100002FA00000009AD000 /* QuizQuestion.swift */ = {isa = PBXFileReference; lastKnownFileType = sourcecode.swift; path = QuizQuestion.swift; sourceTree = "<group>"; };
		CC0100012FA00000009AD000 /* QuizViewModel.swift */ = {isa = PBXFileReference; lastKnownFileType = sourcecode.swift; path = QuizViewModel.swift; sourceTree = "<group>"; };
		CC0100022FA00000009AD000 /* QuizView.swift */ = {isa = PBXFileReference; lastKnownFileType = sourcecode.swift; path = QuizView.swift; sourceTree = "<group>"; };
		CC0100032FA00000009AD000 /* QuizResultsView.swift */ = {isa = PBXFileReference; lastKnownFileType = sourcecode.swift; path = QuizResultsView.swift; sourceTree = "<group>"; };
		CC0100042FA00000009AD000 /* QuizVC.swift */ = {isa = PBXFileReference; lastKnownFileType = sourcecode.swift; path = QuizVC.swift; sourceTree = "<group>"; };
		CC0100052FA00000009AD000 /* QuizResultsVC.swift */ = {isa = PBXFileReference; lastKnownFileType = sourcecode.swift; path = QuizResultsVC.swift; sourceTree = "<group>"; };
		ED223AA82F957D22009115BC /* Brainy.app */ = {isa = PBXFileReference; explicitFileType = wrapper.application; includeInIndex = 0; path = Brainy.app; sourceTree = BUILT_PRODUCTS_DIR; };
		ED3397992F957F2C009AD000 /* AppDelegate.swift */ = {isa = PBXFileReference; lastKnownFileType = sourcecode.swift; path = AppDelegate.swift; sourceTree = "<group>"; };
		ED33979A2F957F2C009AD000 /* Assets.xcassets */ = {isa = PBXFileReference; lastKnownFileType = folder.assetcatalog; path = Assets.xcassets; sourceTree = "<group>"; };
		ED33979B2F957F2C009AD000 /* Info.plist */ = {isa = PBXFileReference; lastKnownFileType = text.plist.xml; path = Info.plist; sourceTree = "<group>"; };
		ED33979C2F957F2C009AD000 /* Base */ = {isa = PBXFileReference; lastKnownFileType = file.storyboard; name = Base; path = Base.lproj/LaunchScreen.storyboard; sourceTree = "<group>"; };
		ED3397A02F957F2C009AD000 /* SceneDelegate.swift */ = {isa = PBXFileReference; lastKnownFileType = sourcecode.swift; path = SceneDelegate.swift; sourceTree = "<group>"; };
		ED3397A12F957F2C009AD000 /* ViewController.swift */ = {isa = PBXFileReference; lastKnownFileType = sourcecode.swift; path = ViewController.swift; sourceTree = "<group>"; };
		ED3397B62F958052009AD000 /* CustomTabBarVC.swift */ = {isa = PBXFileReference; lastKnownFileType = sourcecode.swift; path = CustomTabBarVC.swift; sourceTree = "<group>"; };
		ED3397B82F958062009AD000 /* CustomTabBarView.swift */ = {isa = PBXFileReference; lastKnownFileType = sourcecode.swift; path = CustomTabBarView.swift; sourceTree = "<group>"; };
		ED3397C32F958E80009AD000 /* ChallengesVC.swift */ = {isa = PBXFileReference; lastKnownFileType = sourcecode.swift; path = ChallengesVC.swift; sourceTree = "<group>"; };
		ED3397C62F958E91009AD000 /* ChallengesView.swift */ = {isa = PBXFileReference; lastKnownFileType = sourcecode.swift; path = ChallengesView.swift; sourceTree = "<group>"; };
		ED3397C82F958EB3009AD000 /* ExploreVC.swift */ = {isa = PBXFileReference; lastKnownFileType = sourcecode.swift; path = ExploreVC.swift; sourceTree = "<group>"; };
		ED3397CB2F958ECE009AD000 /* ExploreView.swift */ = {isa = PBXFileReference; lastKnownFileType = sourcecode.swift; path = ExploreView.swift; sourceTree = "<group>"; };
		ED3397CD2F958EDB009AD000 /* ProfileVC.swift */ = {isa = PBXFileReference; lastKnownFileType = sourcecode.swift; path = ProfileVC.swift; sourceTree = "<group>"; };
		ED3397D02F958EF6009AD000 /* ProfileView.swift */ = {isa = PBXFileReference; lastKnownFileType = sourcecode.swift; path = ProfileView.swift; sourceTree = "<group>"; };
		ED3397D22F958F16009AD000 /* HomeVC.swift */ = {isa = PBXFileReference; lastKnownFileType = sourcecode.swift; path = HomeVC.swift; sourceTree = "<group>"; };
		ED3397D62F958F28009AD000 /* HomeView.swift */ = {isa = PBXFileReference; lastKnownFileType = sourcecode.swift; path = HomeView.swift; sourceTree = "<group>"; };
		ED3397D82F959023009AD000 /* UIView.swift */ = {isa = PBXFileReference; lastKnownFileType = sourcecode.swift; path = UIView.swift; sourceTree = "<group>"; };
		ED3397DB2F961853009AD000 /* SettingsVC.swift */ = {isa = PBXFileReference; lastKnownFileType = sourcecode.swift; path = SettingsVC.swift; sourceTree = "<group>"; };
		ED3397DE2F96185F009AD000 /* SettingsView.swift */ = {isa = PBXFileReference; lastKnownFileType = sourcecode.swift; path = SettingsView.swift; sourceTree = "<group>"; };
		ED3397E22F966299009AD000 /* RanksView.swift */ = {isa = PBXFileReference; lastKnownFileType = sourcecode.swift; path = RanksView.swift; sourceTree = "<group>"; };
		ED3397E52F9662A7009AD000 /* RanksVC.swift */ = {isa = PBXFileReference; lastKnownFileType = sourcecode.swift; path = RanksVC.swift; sourceTree = "<group>"; };
		ED3398012F959400009AD000 /* ExploreQuizItem.swift */ = {isa = PBXFileReference; lastKnownFileType = sourcecode.swift; path = ExploreQuizItem.swift; sourceTree = "<group>"; };
		ED3398022F959400009AD000 /* ExploreViewModel.swift */ = {isa = PBXFileReference; lastKnownFileType = sourcecode.swift; path = ExploreViewModel.swift; sourceTree = "<group>"; };
		ED3398032F959400009AD000 /* ExploreQuizCardView.swift */ = {isa = PBXFileReference; lastKnownFileType = sourcecode.swift; path = ExploreQuizCardView.swift; sourceTree = "<group>"; };
/* End PBXFileReference section */

/* Begin PBXFrameworksBuildPhase section */
		ED223AA52F957D22009115BC /* Frameworks */ = {
			isa = PBXFrameworksBuildPhase;
			buildActionMask = 2147483647;
			files = (
				ED3397B32F957FE2009AD000 /* SnapKit in Frameworks */,
			);
			runOnlyForDeploymentPostprocessing = 0;
		};
/* End PBXFrameworksBuildPhase section */

/* Begin PBXGroup section */
		AC1000102F958000009AD000 /* Onboarding */ = {
			isa = PBXGroup;
			children = (
				AC1000302F958000009AD000 /* Page */,
				AA4000002F958000009AD000 /* OnboardingContainerVC.swift */,
				AA4000012F958000009AD000 /* OnboardingContainerView.swift */,
			);
			path = Onboarding;
			sourceTree = "<group>";
		};
		AC1000202F958000009AD000 /* Splash */ = {
			isa = PBXGroup;
			children = (
				AA2000002F958000009AD000 /* SplashVC.swift */,
				AA2000012F958000009AD000 /* SplashView.swift */,
			);
			path = Splash;
			sourceTree = "<group>";
		};
		AC1000302F958000009AD000 /* Page */ = {
			isa = PBXGroup;
			children = (
				AA3000002F958000009AD000 /* OnboardingPageModel.swift */,
				AA3000012F958000009AD000 /* OnboardingPageVC.swift */,
				AA3000022F958000009AD000 /* OnboardingPageView.swift */,
			);
			path = Page;
			sourceTree = "<group>";
		};
		AC1000402F958000009AD000 /* Extensions */ = {
			isa = PBXGroup;
			children = (
				ED3397D82F959023009AD000 /* UIView.swift */,
				AA1000002F958000009AD000 /* UIColor+Extensions.swift */,
			);
			path = Extensions;
			sourceTree = "<group>";
		};
		CC0200002FA00000009AD000 /* Quiz */ = {
			isa = PBXGroup;
			children = (
				CC0200012FA00000009AD000 /* Models */,
				CC0200022FA00000009AD000 /* ViewModels */,
				CC0200032FA00000009AD000 /* Views */,
				CC0100042FA00000009AD000 /* QuizVC.swift */,
				CC0100052FA00000009AD000 /* QuizResultsVC.swift */,
			);
			path = Quiz;
			sourceTree = "<group>";
		};
		CC0200012FA00000009AD000 /* Models */ = {
			isa = PBXGroup;
			children = (
				CC0100002FA00000009AD000 /* QuizQuestion.swift */,
			);
			path = Models;
			sourceTree = "<group>";
		};
		CC0200022FA00000009AD000 /* ViewModels */ = {
			isa = PBXGroup;
			children = (
				CC0100012FA00000009AD000 /* QuizViewModel.swift */,
			);
			path = ViewModels;
			sourceTree = "<group>";
		};
		CC0200032FA00000009AD000 /* Views */ = {
			isa = PBXGroup;
			children = (
				CC0100022FA00000009AD000 /* QuizView.swift */,
				CC0100032FA00000009AD000 /* QuizResultsView.swift */,
			);
			path = Views;
			sourceTree = "<group>";
		};
		ED223A9F2F957D22009115BC = {
			isa = PBXGroup;
			children = (
				ED3397A22F957F2C009AD000 /* Brainy */,
				ED223AA92F957D22009115BC /* Products */,
			);
			sourceTree = "<group>";
		};
		ED223AA92F957D22009115BC /* Products */ = {
			isa = PBXGroup;
			children = (
				ED223AA82F957D22009115BC /* Brainy.app */,
			);
			name = Products;
			sourceTree = "<group>";
		};
		ED3397A22F957F2C009AD000 /* Brainy */ = {
			isa = PBXGroup;
			children = (
				ED3397AA2F957F2F009AD000 /* App */,
				ED3397AC2F957F60009AD000 /* Sources */,
				ED3397AB2F957F5A009AD000 /* Modules */,
				ED3397B02F957F7A009AD000 /* Resources */,
				ED33979B2F957F2C009AD000 /* Info.plist */,
				ED3397A12F957F2C009AD000 /* ViewController.swift */,
			);
			path = Brainy;
			sourceTree = "<group>";
		};
		ED3397AA2F957F2F009AD000 /* App */ = {
			isa = PBXGroup;
			children = (
				ED3397992F957F2C009AD000 /* AppDelegate.swift */,
				ED3397A02F957F2C009AD000 /* SceneDelegate.swift */,
			);
			path = App;
			sourceTree = "<group>";
		};
		ED3397AB2F957F5A009AD000 /* Modules */ = {
			isa = PBXGroup;
			children = (
				ED3397E02F966292009AD000 /* Ranks */,
				ED3397DA2F96184F009AD000 /* Settings */,
				AC1000202F958000009AD000 /* Splash */,
				ED3397BF2F9583B5009AD000 /* Challenges */,
				ED3397BC2F958394009AD000 /* Explore */,
				ED3397BB2F958391009AD000 /* Profile */,
				ED3397BA2F95838E009AD000 /* Home */,
				AC1000102F958000009AD000 /* Onboarding */,
				CC0200002FA00000009AD000 /* Quiz */,
			);
			path = Modules;
			sourceTree = "<group>";
		};
		ED3397AC2F957F60009AD000 /* Sources */ = {
			isa = PBXGroup;
			children = (
				ED3397AE2F957F6D009AD000 /* Controllers */,
				ED3397AD2F957F67009AD000 /* UI */,
			);
			path = Sources;
			sourceTree = "<group>";
		};
		ED3397AD2F957F67009AD000 /* UI */ = {
			isa = PBXGroup;
			children = (
				AC1000402F958000009AD000 /* Extensions */,
			);
			path = UI;
			sourceTree = "<group>";
		};
		ED3397AE2F957F6D009AD000 /* Controllers */ = {
			isa = PBXGroup;
			children = (
				ED3397B42F958049009AD000 /* TabBar */,
			);
			path = Controllers;
			sourceTree = "<group>";
		};
		ED3397B02F957F7A009AD000 /* Resources */ = {
			isa = PBXGroup;
			children = (
				ED33979A2F957F2C009AD000 /* Assets.xcassets */,
				ED33979D2F957F2C009AD000 /* LaunchScreen.storyboard */,
			);
			path = Resources;
			sourceTree = "<group>";
		};
		ED3397B42F958049009AD000 /* TabBar */ = {
			isa = PBXGroup;
			children = (
				ED3397B62F958052009AD000 /* CustomTabBarVC.swift */,
				ED3397B52F95804E009AD000 /* Views */,
			);
			path = TabBar;
			sourceTree = "<group>";
		};
		ED3397B52F95804E009AD000 /* Views */ = {
			isa = PBXGroup;
			children = (
				ED3397B82F958062009AD000 /* CustomTabBarView.swift */,
			);
			path = Views;
			sourceTree = "<group>";
		};
		ED3397BA2F95838E009AD000 /* Home */ = {
			isa = PBXGroup;
			children = (
				ED3397D52F958F25009AD000 /* Views */,
				ED3397D22F958F16009AD000 /* HomeVC.swift */,
			);
			path = Home;
			sourceTree = "<group>";
		};
		ED3397BB2F958391009AD000 /* Profile */ = {
			isa = PBXGroup;
			children = (
				ED3397CF2F958EE3009AD000 /* Views */,
				ED3397CD2F958EDB009AD000 /* ProfileVC.swift */,
			);
			path = Profile;
			sourceTree = "<group>";
		};
		ED3397BC2F958394009AD000 /* Explore */ = {
			isa = PBXGroup;
			children = (
				ED3398202F959400009AD000 /* Models */,
				ED3398212F959400009AD000 /* ViewModels */,
				ED3397CA2F958ECA009AD000 /* Views */,
				ED3397C82F958EB3009AD000 /* ExploreVC.swift */,
			);
			path = Explore;
			sourceTree = "<group>";
		};
		ED3397BF2F9583B5009AD000 /* Challenges */ = {
			isa = PBXGroup;
			children = (
				ED3397C52F958E8E009AD000 /* Views */,
				ED3397C32F958E80009AD000 /* ChallengesVC.swift */,
			);
			path = Challenges;
			sourceTree = "<group>";
		};
		ED3397C52F958E8E009AD000 /* Views */ = {
			isa = PBXGroup;
			children = (
				ED3397C62F958E91009AD000 /* ChallengesView.swift */,
			);
			path = Views;
			sourceTree = "<group>";
		};
		ED3397CA2F958ECA009AD000 /* Views */ = {
			isa = PBXGroup;
			children = (
				ED3397CB2F958ECE009AD000 /* ExploreView.swift */,
				ED3398032F959400009AD000 /* ExploreQuizCardView.swift */,
			);
			path = Views;
			sourceTree = "<group>";
		};
		ED3397CF2F958EE3009AD000 /* Views */ = {
			isa = PBXGroup;
			children = (
				ED3397D02F958EF6009AD000 /* ProfileView.swift */,
			);
			path = Views;
			sourceTree = "<group>";
		};
		ED3397D52F958F25009AD000 /* Views */ = {
			isa = PBXGroup;
			children = (
				ED3397D62F958F28009AD000 /* HomeView.swift */,
			);
			path = Views;
			sourceTree = "<group>";
		};
		ED3397DA2F96184F009AD000 /* Settings */ = {
			isa = PBXGroup;
			children = (
				ED3397DD2F96185C009AD000 /* Views */,
				ED3397DB2F961853009AD000 /* SettingsVC.swift */,
			);
			path = Settings;
			sourceTree = "<group>";
		};
		ED3397DD2F96185C009AD000 /* Views */ = {
			isa = PBXGroup;
			children = (
				ED3397DE2F96185F009AD000 /* SettingsView.swift */,
			);
			path = Views;
			sourceTree = "<group>";
		};
		ED3397E02F966292009AD000 /* Ranks */ = {
			isa = PBXGroup;
			children = (
				ED3397E52F9662A7009AD000 /* RanksVC.swift */,
				ED3397E12F966296009AD000 /* Views */,
			);
			path = Ranks;
			sourceTree = "<group>";
		};
		ED3397E12F966296009AD000 /* Views */ = {
			isa = PBXGroup;
			children = (
				ED3397E22F966299009AD000 /* RanksView.swift */,
			);
			path = Views;
			sourceTree = "<group>";
		};
		ED3398202F959400009AD000 /* Models */ = {
			isa = PBXGroup;
			children = (
				ED3398012F959400009AD000 /* ExploreQuizItem.swift */,
			);
			path = Models;
			sourceTree = "<group>";
		};
		ED3398212F959400009AD000 /* ViewModels */ = {
			isa = PBXGroup;
			children = (
				ED3398022F959400009AD000 /* ExploreViewModel.swift */,
			);
			path = ViewModels;
			sourceTree = "<group>";
		};
/* End PBXGroup section */

/* Begin PBXNativeTarget section */
		ED223AA72F957D22009115BC /* Brainy */ = {
			isa = PBXNativeTarget;
			buildConfigurationList = ED223ABB2F957D22009115BC /* Build configuration list for PBXNativeTarget "Brainy" */;
			buildPhases = (
				ED223AA42F957D22009115BC /* Sources */,
				ED223AA52F957D22009115BC /* Frameworks */,
				ED223AA62F957D22009115BC /* Resources */,
			);
			buildRules = (
			);
			dependencies = (
			);
			name = Brainy;
			packageProductDependencies = (
				ED3397B22F957FE2009AD000 /* SnapKit */,
			);
			productName = Brainy;
			productReference = ED223AA82F957D22009115BC /* Brainy.app */;
			productType = "com.apple.product-type.application";
		};
/* End PBXNativeTarget section */

/* Begin PBXProject section */
		ED223AA02F957D22009115BC /* Project object */ = {
			isa = PBXProject;
			attributes = {
				BuildIndependentTargetsInParallel = 1;
				LastSwiftUpdateCheck = 2640;
				LastUpgradeCheck = 2640;
				TargetAttributes = {
					ED223AA72F957D22009115BC = {
						CreatedOnToolsVersion = 26.4.1;
					};
				};
			};
			buildConfigurationList = ED223AA32F957D22009115BC /* Build configuration list for PBXProject "Brainy" */;
			developmentRegion = en;
			hasScannedForEncodings = 0;
			knownRegions = (
				en,
				Base,
			);
			mainGroup = ED223A9F2F957D22009115BC;
			minimizedProjectReferenceProxies = 1;
			packageReferences = (
				ED3397B12F957FE2009AD000 /* XCRemoteSwiftPackageReference "SnapKit" */,
			);
			preferredProjectObjectVersion = 77;
			productRefGroup = ED223AA92F957D22009115BC /* Products */;
			projectDirPath = "";
			projectRoot = "";
			targets = (
				ED223AA72F957D22009115BC /* Brainy */,
			);
		};
/* End PBXProject section */

/* Begin PBXResourcesBuildPhase section */
		ED223AA62F957D22009115BC /* Resources */ = {
			isa = PBXResourcesBuildPhase;
			buildActionMask = 2147483647;
			files = (
				ED3397A62F957F2C009AD000 /* Assets.xcassets in Resources */,
				ED3397A82F957F2C009AD000 /* LaunchScreen.storyboard in Resources */,
			);
			runOnlyForDeploymentPostprocessing = 0;
		};
/* End PBXResourcesBuildPhase section */

/* Begin PBXSourcesBuildPhase section */
		ED223AA42F957D22009115BC /* Sources */ = {
			isa = PBXSourcesBuildPhase;
			buildActionMask = 2147483647;
			files = (
				ED3397A32F957F2C009AD000 /* AppDelegate.swift in Sources */,
				ED3397D32F958F17009AD000 /* HomeVC.swift in Sources */,
				ED3397D92F959024009AD000 /* UIView.swift in Sources */,
				ED3397DF2F961860009AD000 /* SettingsView.swift in Sources */,
				ED3397B92F958062009AD000 /* CustomTabBarView.swift in Sources */,
				ED3397C92F958EB6009AD000 /* ExploreVC.swift in Sources */,
				ED3397A42F957F2C009AD000 /* SceneDelegate.swift in Sources */,
				ED3397B72F958052009AD000 /* CustomTabBarVC.swift in Sources */,
				ED3397A52F957F2C009AD000 /* ViewController.swift in Sources */,
				AA1000102F958000009AD000 /* UIColor+Extensions.swift in Sources */,
				ED3397D12F958EF7009AD000 /* ProfileView.swift in Sources */,
				ED3397D72F958F28009AD000 /* HomeView.swift in Sources */,
				ED3397C72F958E92009AD000 /* ChallengesView.swift in Sources */,
				AA2000102F958000009AD000 /* SplashVC.swift in Sources */,
				ED3397DC2F961855009AD000 /* SettingsVC.swift in Sources */,
				AA2000202F958000009AD000 /* SplashView.swift in Sources */,
				ED3397E62F9662A7009AD000 /* RanksVC.swift in Sources */,
				ED3397C42F958E84009AD000 /* ChallengesVC.swift in Sources */,
				ED3397CC2F958ECE009AD000 /* ExploreView.swift in Sources */,
				ED3398112F959400009AD000 /* ExploreQuizItem.swift in Sources */,
				ED3398122F959400009AD000 /* ExploreViewModel.swift in Sources */,
				ED3398132F959400009AD000 /* ExploreQuizCardView.swift in Sources */,
				ED3397CE2F958EDF009AD000 /* ProfileVC.swift in Sources */,
				AA3000102F958000009AD000 /* OnboardingPageModel.swift in Sources */,
				AA3000202F958000009AD000 /* OnboardingPageVC.swift in Sources */,
				AA3000302F958000009AD000 /* OnboardingPageView.swift in Sources */,
				AA4000102F958000009AD000 /* OnboardingContainerVC.swift in Sources */,
				AA4000202F958000009AD000 /* OnboardingContainerView.swift in Sources */,
				CC0100102FA00000009AD000 /* QuizQuestion.swift in Sources */,
				ED3397E32F966299009AD000 /* RanksView.swift in Sources */,
				CC0100202FA00000009AD000 /* QuizViewModel.swift in Sources */,
				CC0100302FA00000009AD000 /* QuizView.swift in Sources */,
				CC0100402FA00000009AD000 /* QuizResultsView.swift in Sources */,
				CC0100502FA00000009AD000 /* QuizVC.swift in Sources */,
				CC0100602FA00000009AD000 /* QuizResultsVC.swift in Sources */,
			);
			runOnlyForDeploymentPostprocessing = 0;
		};
/* End PBXSourcesBuildPhase section */

/* Begin PBXVariantGroup section */
		ED33979D2F957F2C009AD000 /* LaunchScreen.storyboard */ = {
			isa = PBXVariantGroup;
			children = (
				ED33979C2F957F2C009AD000 /* Base */,
			);
			name = LaunchScreen.storyboard;
			sourceTree = "<group>";
		};
/* End PBXVariantGroup section */

/* Begin XCBuildConfiguration section */
		ED223ABC2F957D22009115BC /* Debug */ = {
			isa = XCBuildConfiguration;
			buildSettings = {
				ASSETCATALOG_COMPILER_APPICON_NAME = AppIcon;
				ASSETCATALOG_COMPILER_GLOBAL_ACCENT_COLOR_NAME = AccentColor;
				CODE_SIGN_STYLE = Automatic;
				CURRENT_PROJECT_VERSION = 1;
				DEVELOPMENT_TEAM = A673JD59FG;
				GENERATE_INFOPLIST_FILE = YES;
				INFOPLIST_FILE = Brainy/Info.plist;
				INFOPLIST_KEY_CFBundleDisplayName = Brainy;
				INFOPLIST_KEY_UIApplicationSupportsIndirectInputEvents = YES;
				INFOPLIST_KEY_UILaunchStoryboardName = LaunchScreen;
				INFOPLIST_KEY_UISupportedInterfaceOrientations = UIInterfaceOrientationPortrait;
				INFOPLIST_KEY_UISupportedInterfaceOrientations_iPad = "UIInterfaceOrientationLandscapeLeft UIInterfaceOrientationLandscapeRight UIInterfaceOrientationPortrait";
				IPHONEOS_DEPLOYMENT_TARGET = 16.0;
				LD_RUNPATH_SEARCH_PATHS = (
					"$(inherited)",
					"@executable_path/Frameworks",
				);
				MARKETING_VERSION = 1.0;
				PRODUCT_BUNDLE_IDENTIFIER = com.alexa.piddema.Brainy;
				PRODUCT_NAME = "$(TARGET_NAME)";
				STRING_CATALOG_GENERATE_SYMBOLS = YES;
				SUPPORTED_PLATFORMS = "iphoneos iphonesimulator";
				SUPPORTS_MACCATALYST = NO;
				SUPPORTS_MAC_DESIGNED_FOR_IPHONE_IPAD = NO;
				SUPPORTS_XR_DESIGNED_FOR_IPHONE_IPAD = NO;
				SWIFT_APPROACHABLE_CONCURRENCY = YES;
				SWIFT_DEFAULT_ACTOR_ISOLATION = MainActor;
				SWIFT_EMIT_LOC_STRINGS = YES;
				SWIFT_UPCOMING_FEATURE_MEMBER_IMPORT_VISIBILITY = YES;
				SWIFT_VERSION = 5.0;
				TARGETED_DEVICE_FAMILY = 1;
			};
			name = Debug;
		};
		ED223ABD2F957D22009115BC /* Release */ = {
			isa = XCBuildConfiguration;
			buildSettings = {
				ASSETCATALOG_COMPILER_APPICON_NAME = AppIcon;
				ASSETCATALOG_COMPILER_GLOBAL_ACCENT_COLOR_NAME = AccentColor;
				CODE_SIGN_STYLE = Automatic;
				CURRENT_PROJECT_VERSION = 1;
				DEVELOPMENT_TEAM = A673JD59FG;
				GENERATE_INFOPLIST_FILE = YES;
				INFOPLIST_FILE = Brainy/Info.plist;
				INFOPLIST_KEY_CFBundleDisplayName = Brainy;
				INFOPLIST_KEY_UIApplicationSupportsIndirectInputEvents = YES;
				INFOPLIST_KEY_UILaunchStoryboardName = LaunchScreen;
				INFOPLIST_KEY_UISupportedInterfaceOrientations = UIInterfaceOrientationPortrait;
				INFOPLIST_KEY_UISupportedInterfaceOrientations_iPad = "UIInterfaceOrientationLandscapeLeft UIInterfaceOrientationLandscapeRight UIInterfaceOrientationPortrait";
				IPHONEOS_DEPLOYMENT_TARGET = 16.0;
				LD_RUNPATH_SEARCH_PATHS = (
					"$(inherited)",
					"@executable_path/Frameworks",
				);
				MARKETING_VERSION = 1.0;
				PRODUCT_BUNDLE_IDENTIFIER = com.alexa.piddema.Brainy;
				PRODUCT_NAME = "$(TARGET_NAME)";
				STRING_CATALOG_GENERATE_SYMBOLS = YES;
				SUPPORTED_PLATFORMS = "iphoneos iphonesimulator";
				SUPPORTS_MACCATALYST = NO;
				SUPPORTS_MAC_DESIGNED_FOR_IPHONE_IPAD = NO;
				SUPPORTS_XR_DESIGNED_FOR_IPHONE_IPAD = NO;
				SWIFT_APPROACHABLE_CONCURRENCY = YES;
				SWIFT_DEFAULT_ACTOR_ISOLATION = MainActor;
				SWIFT_EMIT_LOC_STRINGS = YES;
				SWIFT_UPCOMING_FEATURE_MEMBER_IMPORT_VISIBILITY = YES;
				SWIFT_VERSION = 5.0;
				TARGETED_DEVICE_FAMILY = 1;
			};
			name = Release;
		};
		ED223ABE2F957D22009115BC /* Debug */ = {
			isa = XCBuildConfiguration;
			buildSettings = {
				ALWAYS_SEARCH_USER_PATHS = NO;
				ASSETCATALOG_COMPILER_GENERATE_SWIFT_ASSET_SYMBOL_EXTENSIONS = YES;
				CLANG_ANALYZER_NONNULL = YES;
				CLANG_ANALYZER_NUMBER_OBJECT_CONVERSION = YES_AGGRESSIVE;
				CLANG_CXX_LANGUAGE_STANDARD = "gnu++20";
				CLANG_ENABLE_MODULES = YES;
				CLANG_ENABLE_OBJC_ARC = YES;
				CLANG_ENABLE_OBJC_WEAK = YES;
				CLANG_WARN_BLOCK_CAPTURE_AUTORELEASING = YES;
				CLANG_WARN_BOOL_CONVERSION = YES;
				CLANG_WARN_COMMA = YES;
				CLANG_WARN_CONSTANT_CONVERSION = YES;
				CLANG_WARN_DEPRECATED_OBJC_IMPLEMENTATIONS = YES;
				CLANG_WARN_DIRECT_OBJC_ISA_USAGE = YES_ERROR;
				CLANG_WARN_DOCUMENTATION_COMMENTS = YES;
				CLANG_WARN_EMPTY_BODY = YES;
				CLANG_WARN_ENUM_CONVERSION = YES;
				CLANG_WARN_INFINITE_RECURSION = YES;
				CLANG_WARN_INT_CONVERSION = YES;
				CLANG_WARN_NON_LITERAL_NULL_CONVERSION = YES;
				CLANG_WARN_OBJC_IMPLICIT_RETAIN_SELF = YES;
				CLANG_WARN_OBJC_LITERAL_CONVERSION = YES;
				CLANG_WARN_OBJC_ROOT_CLASS = YES_ERROR;
				CLANG_WARN_QUOTED_INCLUDE_IN_FRAMEWORK_HEADER = YES;
				CLANG_WARN_RANGE_LOOP_ANALYSIS = YES;
				CLANG_WARN_STRICT_PROTOTYPES = YES;
				CLANG_WARN_SUSPICIOUS_MOVE = YES;
				CLANG_WARN_UNGUARDED_AVAILABILITY = YES_AGGRESSIVE;
				CLANG_WARN_UNREACHABLE_CODE = YES;
				CLANG_WARN__DUPLICATE_METHOD_MATCH = YES;
				COPY_PHASE_STRIP = NO;
				DEBUG_INFORMATION_FORMAT = dwarf;
				DEVELOPMENT_TEAM = A673JD59FG;
				ENABLE_STRICT_OBJC_MSGSEND = YES;
				ENABLE_TESTABILITY = YES;
				ENABLE_USER_SCRIPT_SANDBOXING = YES;
				GCC_C_LANGUAGE_STANDARD = gnu17;
				GCC_DYNAMIC_NO_PIC = NO;
				GCC_NO_COMMON_BLOCKS = YES;
				GCC_OPTIMIZATION_LEVEL = 0;
				GCC_PREPROCESSOR_DEFINITIONS = (
					"DEBUG=1",
					"$(inherited)",
				);
				GCC_WARN_64_TO_32_BIT_CONVERSION = YES;
				GCC_WARN_ABOUT_RETURN_TYPE = YES_ERROR;
				GCC_WARN_UNDECLARED_SELECTOR = YES;
				GCC_WARN_UNINITIALIZED_AUTOS = YES_AGGRESSIVE;
				GCC_WARN_UNUSED_FUNCTION = YES;
				GCC_WARN_UNUSED_VARIABLE = YES;
				IPHONEOS_DEPLOYMENT_TARGET = 26.4;
				LOCALIZATION_PREFERS_STRING_CATALOGS = YES;
				MTL_ENABLE_DEBUG_INFO = INCLUDE_SOURCE;
				MTL_FAST_MATH = YES;
				ONLY_ACTIVE_ARCH = YES;
				SDKROOT = iphoneos;
				SWIFT_ACTIVE_COMPILATION_CONDITIONS = "DEBUG $(inherited)";
				SWIFT_OPTIMIZATION_LEVEL = "-Onone";
			};
			name = Debug;
		};
		ED223ABF2F957D22009115BC /* Release */ = {
			isa = XCBuildConfiguration;
			buildSettings = {
				ALWAYS_SEARCH_USER_PATHS = NO;
				ASSETCATALOG_COMPILER_GENERATE_SWIFT_ASSET_SYMBOL_EXTENSIONS = YES;
				CLANG_ANALYZER_NONNULL = YES;
				CLANG_ANALYZER_NUMBER_OBJECT_CONVERSION = YES_AGGRESSIVE;
				CLANG_CXX_LANGUAGE_STANDARD = "gnu++20";
				CLANG_ENABLE_MODULES = YES;
				CLANG_ENABLE_OBJC_ARC = YES;
				CLANG_ENABLE_OBJC_WEAK = YES;
				CLANG_WARN_BLOCK_CAPTURE_AUTORELEASING = YES;
				CLANG_WARN_BOOL_CONVERSION = YES;
				CLANG_WARN_COMMA = YES;
				CLANG_WARN_CONSTANT_CONVERSION = YES;
				CLANG_WARN_DEPRECATED_OBJC_IMPLEMENTATIONS = YES;
				CLANG_WARN_DIRECT_OBJC_ISA_USAGE = YES_ERROR;
				CLANG_WARN_DOCUMENTATION_COMMENTS = YES;
				CLANG_WARN_EMPTY_BODY = YES;
				CLANG_WARN_ENUM_CONVERSION = YES;
				CLANG_WARN_INFINITE_RECURSION = YES;
				CLANG_WARN_INT_CONVERSION = YES;
				CLANG_WARN_NON_LITERAL_NULL_CONVERSION = YES;
				CLANG_WARN_OBJC_IMPLICIT_RETAIN_SELF = YES;
				CLANG_WARN_OBJC_LITERAL_CONVERSION = YES;
				CLANG_WARN_OBJC_ROOT_CLASS = YES_ERROR;
				CLANG_WARN_QUOTED_INCLUDE_IN_FRAMEWORK_HEADER = YES;
				CLANG_WARN_RANGE_LOOP_ANALYSIS = YES;
				CLANG_WARN_STRICT_PROTOTYPES = YES;
				CLANG_WARN_SUSPICIOUS_MOVE = YES;
				CLANG_WARN_UNGUARDED_AVAILABILITY = YES_AGGRESSIVE;
				CLANG_WARN_UNREACHABLE_CODE = YES;
				CLANG_WARN__DUPLICATE_METHOD_MATCH = YES;
				COPY_PHASE_STRIP = NO;
				DEBUG_INFORMATION_FORMAT = "dwarf-with-dsym";
				DEVELOPMENT_TEAM = A673JD59FG;
				ENABLE_NS_ASSERTIONS = NO;
				ENABLE_STRICT_OBJC_MSGSEND = YES;
				ENABLE_USER_SCRIPT_SANDBOXING = YES;
				GCC_C_LANGUAGE_STANDARD = gnu17;
				GCC_NO_COMMON_BLOCKS = YES;
				GCC_WARN_64_TO_32_BIT_CONVERSION = YES;
				GCC_WARN_ABOUT_RETURN_TYPE = YES_ERROR;
				GCC_WARN_UNDECLARED_SELECTOR = YES;
				GCC_WARN_UNINITIALIZED_AUTOS = YES_AGGRESSIVE;
				GCC_WARN_UNUSED_FUNCTION = YES;
				GCC_WARN_UNUSED_VARIABLE = YES;
				IPHONEOS_DEPLOYMENT_TARGET = 26.4;
				LOCALIZATION_PREFERS_STRING_CATALOGS = YES;
				MTL_ENABLE_DEBUG_INFO = NO;
				MTL_FAST_MATH = YES;
				SDKROOT = iphoneos;
				SWIFT_COMPILATION_MODE = wholemodule;
				VALIDATE_PRODUCT = YES;
			};
			name = Release;
		};
/* End XCBuildConfiguration section */

/* Begin XCConfigurationList section */
		ED223AA32F957D22009115BC /* Build configuration list for PBXProject "Brainy" */ = {
			isa = XCConfigurationList;
			buildConfigurations = (
				ED223ABE2F957D22009115BC /* Debug */,
				ED223ABF2F957D22009115BC /* Release */,
			);
			defaultConfigurationIsVisible = 0;
			defaultConfigurationName = Release;
		};
		ED223ABB2F957D22009115BC /* Build configuration list for PBXNativeTarget "Brainy" */ = {
			isa = XCConfigurationList;
			buildConfigurations = (
				ED223ABC2F957D22009115BC /* Debug */,
				ED223ABD2F957D22009115BC /* Release */,
			);
			defaultConfigurationIsVisible = 0;
			defaultConfigurationName = Release;
		};
/* End XCConfigurationList section */

/* Begin XCRemoteSwiftPackageReference section */
		ED3397B12F957FE2009AD000 /* XCRemoteSwiftPackageReference "SnapKit" */ = {
			isa = XCRemoteSwiftPackageReference;
			repositoryURL = "git@github.com:SnapKit/SnapKit.git";
			requirement = {
				kind = upToNextMajorVersion;
				minimumVersion = 5.7.1;
			};
		};
/* End XCRemoteSwiftPackageReference section */

/* Begin XCSwiftPackageProductDependency section */
		ED3397B22F957FE2009AD000 /* SnapKit */ = {
			isa = XCSwiftPackageProductDependency;
			package = ED3397B12F957FE2009AD000 /* XCRemoteSwiftPackageReference "SnapKit" */;
			productName = SnapKit;
		};
/* End XCSwiftPackageProductDependency section */
	};
	rootObject = ED223AA02F957D22009115BC /* Project object */;
}
